
Microsoft Visual Studio Solution File, Format Version 12.00
# Visual Studio Version 17
VisualStudioVersion = 17.4.33213.308
MinimumVisualStudioVersion = 10.0.40219.1
Project("{FAE04EC0-301F-11D3-BF4B-00C04F79EFBC}") = "EXERCICIOSTI20N", "EXERCICIOSTI20N\EXERCICIOSTI20N.csproj", "{D148F0E8-3064-4615-9EB0-9A56F8AF2074}"
EndProject
Global
	GlobalSection(SolutionConfigurationPlatforms) = preSolution
		Debug|Any CPU = Debug|Any CPU
		Release|Any CPU = Release|Any CPU
	EndGlobalSection
	GlobalSection(ProjectConfigurationPlatforms) = postSolution
		{D148F0E8-3064-4615-9EB0-9A56F8AF2074}.Debug|Any CPU.ActiveCfg = Debug|Any CPU
		{D148F0E8-3064-4615-9EB0-9A56F8AF2074}.Debug|Any CPU.Build.0 = Debug|Any CPU
		{D148F0E8-3064-4615-9EB0-9A56F8AF2074}.Release|Any CPU.ActiveCfg = Release|Any CPU
		{D148F0E8-3064-4615-9EB0-9A56F8AF2074}.Release|Any CPU.Build.0 = Release|Any CPU
	EndGlobalSection
	GlobalSection(SolutionProperties) = preSolution
		HideSolutionNode = FALSE
	EndGlobalSection
	GlobalSection(ExtensibilityGlobals) = postSolution
		SolutionGuid = {F14A81D7-FE1E-4F33-910D-D09B07348BB5}
	EndGlobalSection
EndGlobal
